
Microsoft Visual Studio Solution File, Format Version 12.00
# Visual Studio 15
VisualStudioVersion = 15.0.26730.16
MinimumVisualStudioVersion = 10.0.40219.1
Project("{FAE04EC0-301F-11D3-BF4B-00C04F79EFBC}") = "TaskDemo.Web", "TaskDemo.Web\TaskDemo.Web.csproj", "{F94DCFAD-D46A-4C61-8D17-572A07E9DA03}"
EndProject
Project("{FAE04EC0-301F-11D3-BF4B-00C04F79EFBC}") = "TaskDemo.Web.Tests", "TaskDemo.Web.Tests\TaskDemo.Web.Tests.csproj", "{5A6D3CAA-8871-4324-ACBC-D62FCA10C4ED}"
EndProject
Project("{FAE04EC0-301F-11D3-BF4B-00C04F79EFBC}") = "TaskDemo.Data", "TaskDemo.Data\TaskDemo.Data.csproj", "{5463DABB-2F23-4EDA-A6DE-440C999975A2}"
EndProject
Project("{FAE04EC0-301F-11D3-BF4B-00C04F79EFBC}") = "TaskDemo.Data.Common", "TaskDemo.Data.Common\TaskDemo.Data.Common.csproj", "{1FE75180-136C-476B-AFD8-A06C5487647C}"
EndProject
Project("{FAE04EC0-301F-11D3-BF4B-00C04F79EFBC}") = "TaskDemo.Services.Web", "TaskDemo.Services.Web\TaskDemo.Services.Web.csproj", "{A92C7103-CBC2-4C9D-B8BF-68D7B5191D92}"
EndProject
Global
	GlobalSection(SolutionConfigurationPlatforms) = preSolution
		Debug|Any CPU = Debug|Any CPU
		Release|Any CPU = Release|Any CPU
	EndGlobalSection
	GlobalSection(ProjectConfigurationPlatforms) = postSolution
		{F94DCFAD-D46A-4C61-8D17-572A07E9DA03}.Debug|Any CPU.ActiveCfg = Debug|Any CPU
		{F94DCFAD-D46A-4C61-8D17-572A07E9DA03}.Debug|Any CPU.Build.0 = Debug|Any CPU
		{F94DCFAD-D46A-4C61-8D17-572A07E9DA03}.Release|Any CPU.ActiveCfg = Release|Any CPU
		{F94DCFAD-D46A-4C61-8D17-572A07E9DA03}.Release|Any CPU.Build.0 = Release|Any CPU
		{5A6D3CAA-8871-4324-ACBC-D62FCA10C4ED}.Debug|Any CPU.ActiveCfg = Debug|Any CPU
		{5A6D3CAA-8871-4324-ACBC-D62FCA10C4ED}.Debug|Any CPU.Build.0 = Debug|Any CPU
		{5A6D3CAA-8871-4324-ACBC-D62FCA10C4ED}.Release|Any CPU.ActiveCfg = Release|Any CPU
		{5A6D3CAA-8871-4324-ACBC-D62FCA10C4ED}.Release|Any CPU.Build.0 = Release|Any CPU
		{5463DABB-2F23-4EDA-A6DE-440C999975A2}.Debug|Any CPU.ActiveCfg = Debug|Any CPU
		{5463DABB-2F23-4EDA-A6DE-440C999975A2}.Debug|Any CPU.Build.0 = Debug|Any CPU
		{5463DABB-2F23-4EDA-A6DE-440C999975A2}.Release|Any CPU.ActiveCfg = Release|Any CPU
		{5463DABB-2F23-4EDA-A6DE-440C999975A2}.Release|Any CPU.Build.0 = Release|Any CPU
		{1FE75180-136C-476B-AFD8-A06C5487647C}.Debug|Any CPU.ActiveCfg = Debug|Any CPU
		{1FE75180-136C-476B-AFD8-A06C5487647C}.Debug|Any CPU.Build.0 = Debug|Any CPU
		{1FE75180-136C-476B-AFD8-A06C5487647C}.Release|Any CPU.ActiveCfg = Release|Any CPU
		{1FE75180-136C-476B-AFD8-A06C5487647C}.Release|Any CPU.Build.0 = Release|Any CPU
		{A92C7103-CBC2-4C9D-B8BF-68D7B5191D92}.Debug|Any CPU.ActiveCfg = Debug|Any CPU
		{A92C7103-CBC2-4C9D-B8BF-68D7B5191D92}.Debug|Any CPU.Build.0 = Debug|Any CPU
		{A92C7103-CBC2-4C9D-B8BF-68D7B5191D92}.Release|Any CPU.ActiveCfg = Release|Any CPU
		{A92C7103-CBC2-4C9D-B8BF-68D7B5191D92}.Release|Any CPU.Build.0 = Release|Any CPU
	EndGlobalSection
	GlobalSection(SolutionProperties) = preSolution
		HideSolutionNode = FALSE
	EndGlobalSection
	GlobalSection(ExtensibilityGlobals) = postSolution
		SolutionGuid = {08EF3B57-243A-4F67-8A21-812D84409DA6}
	EndGlobalSection
EndGlobal
